github.com/karrick/gobls v1.3.5 h1:YDlwkT2U3R7zX1t86PdHb1+uE74fFiJVP28eAUoTdwY=
github.com/karrick/gobls v1.3.5/go.mod h1:ctF7wvQjWvKR5SQqqZSKtwaILuZj+kaaeo9dNYb+8d8=
github.com/karrick/golf v1.3.0 h1:bpXRrLTMVU6r52KWNjLTl5c5zLRdwaao3H7R7A5Xazg=
github.com/karrick/golf v1.3.0/go.mod h1:qGN0IhcEL+IEgCXp00RvH32UP59vtwc8w5YcIdArNRk=
