github.com/karrick/gobls v1.3.5 h1:YDlwkT2U3R7zX1t86PdHb1+uE74fFiJVP28eAUoTdwY=
github.com/karrick/gobls v1.3.5/go.mod h1:ctF7wvQjWvKR5SQqqZSKtwaILuZj+kaaeo9dNYb+8d8=
github.com/karrick/gologs v0.4.0 h1:7GZKwxfq3bK94gXEp4JpbQyQNGYwoXEIT1LCQqZ1jHs=
github.com/karrick/gologs v0.4.0/go.mod h1:uq+CHp1wGvosxqQUo5p8KxIier51+6Ajn3C4khwMY6w=
github.com/karrick/goutfs v0.0.2 h1:+4F8LtCCVJDy+h4N9aCF50zXF+N4e0YG7Th1LE0S8ws=
github.com/karrick/goutfs v0.0.2/go.mod h1:9bit6a3CrveGmyyMJxLJgdtZ+pmhFvFjWQVEpu1dJvI=
golang.org/x/text v0.3.2 h1:tW2bmiBqwgJj/UpqtC8EpXEZVYOwU0yG4iWbprSVAcs=
golang.org/x/text v0.3.2/go.mod h1:bEr9sfX3Q8Zfm5fL9x+3itogRgK3+ptLWKqgva+5dAk=
golang.org/x/tools v0.0.0-20180917221912-90fa682c2a6e/go.mod h1:n7NCudcB/nEzxVGmLbDWY5pfWTLqBcC2KZ6jyYvM4mQ=
