github.com/karrick/gobls v1.2.0 h1:vDuAY51E9vMx3Ch6GcCzHAxfmeF/1/4PUwhZSpKMptw=
github.com/karrick/gobls v1.2.0/go.mod h1:sWtrCXDDQ3cMhrJIb2XBu+Cm+MImIj6mdRTdR4/jywk=
github.com/karrick/golf v1.2.0 h1:OK2hHJ8WVx3H8LAXhAwDM4tmdhEyKVbld/GF9J5sKnM=
github.com/karrick/golf v1.2.0/go.mod h1:qGN0IhcEL+IEgCXp00RvH32UP59vtwc8w5YcIdArNRk=
github.com/karrick/gorill v1.9.1 h1:D2xQMRbzaCOYW34S2MAWSa996/H23WThY5Z/bjVMEm0=
github.com/karrick/gorill v1.9.1/go.mod h1:9d6O7+3ALuVfw2Bl0RS9xcgkLGGd6t4A2ddwGBBFX84=
